
Microsoft Visual Studio Solution File, Format Version 12.00
# Visual Studio Version 17
VisualStudioVersion = 17.7.34221.43
MinimumVisualStudioVersion = 10.0.40219.1
Project("{9A19103F-16F7-4668-BE54-9A1E7A4F7556}") = "Task-2", "Task-2\Task-2.csproj", "{CA9C5383-A2B9-48DF-AF69-D7FD5EA9F990}"
EndProject
Project("{9A19103F-16F7-4668-BE54-9A1E7A4F7556}") = "Task-3", "Task-3\Task-3.csproj", "{9ADAACEF-2A2D-4154-8A15-EFE1A8DEF740}"
EndProject
Project("{9A19103F-16F7-4668-BE54-9A1E7A4F7556}") = "Task-4", "Task-4\Task-4.csproj", "{0E78C927-9B4A-4081-8D64-E2EB62316BCF}"
EndProject
Project("{FAE04EC0-301F-11D3-BF4B-00C04F79EFBC}") = "Task-5", "Task-5\Task-5.csproj", "{BD11EE2D-6FDE-4E51-89C6-03960734B820}"
EndProject
Global
	GlobalSection(SolutionConfigurationPlatforms) = preSolution
		Debug|Any CPU = Debug|Any CPU
		Release|Any CPU = Release|Any CPU
	EndGlobalSection
	GlobalSection(ProjectConfigurationPlatforms) = postSolution
		{CA9C5383-A2B9-48DF-AF69-D7FD5EA9F990}.Debug|Any CPU.ActiveCfg = Debug|Any CPU
		{CA9C5383-A2B9-48DF-AF69-D7FD5EA9F990}.Debug|Any CPU.Build.0 = Debug|Any CPU
		{CA9C5383-A2B9-48DF-AF69-D7FD5EA9F990}.Release|Any CPU.ActiveCfg = Release|Any CPU
		{CA9C5383-A2B9-48DF-AF69-D7FD5EA9F990}.Release|Any CPU.Build.0 = Release|Any CPU
		{9ADAACEF-2A2D-4154-8A15-EFE1A8DEF740}.Debug|Any CPU.ActiveCfg = Debug|Any CPU
		{9ADAACEF-2A2D-4154-8A15-EFE1A8DEF740}.Debug|Any CPU.Build.0 = Debug|Any CPU
		{9ADAACEF-2A2D-4154-8A15-EFE1A8DEF740}.Release|Any CPU.ActiveCfg = Release|Any CPU
		{9ADAACEF-2A2D-4154-8A15-EFE1A8DEF740}.Release|Any CPU.Build.0 = Release|Any CPU
		{0E78C927-9B4A-4081-8D64-E2EB62316BCF}.Debug|Any CPU.ActiveCfg = Debug|Any CPU
		{0E78C927-9B4A-4081-8D64-E2EB62316BCF}.Debug|Any CPU.Build.0 = Debug|Any CPU
		{0E78C927-9B4A-4081-8D64-E2EB62316BCF}.Release|Any CPU.ActiveCfg = Release|Any CPU
		{0E78C927-9B4A-4081-8D64-E2EB62316BCF}.Release|Any CPU.Build.0 = Release|Any CPU
		{BD11EE2D-6FDE-4E51-89C6-03960734B820}.Debug|Any CPU.ActiveCfg = Debug|Any CPU
		{BD11EE2D-6FDE-4E51-89C6-03960734B820}.Debug|Any CPU.Build.0 = Debug|Any CPU
		{BD11EE2D-6FDE-4E51-89C6-03960734B820}.Release|Any CPU.ActiveCfg = Release|Any CPU
		{BD11EE2D-6FDE-4E51-89C6-03960734B820}.Release|Any CPU.Build.0 = Release|Any CPU
	EndGlobalSection
	GlobalSection(SolutionProperties) = preSolution
		HideSolutionNode = FALSE
	EndGlobalSection
	GlobalSection(ExtensibilityGlobals) = postSolution
		SolutionGuid = {66AC2578-F5CA-4657-9E46-BEAB61B3C023}
	EndGlobalSection
EndGlobal
